// !$*UTF8*$!
{
	archiveVersion = 1;
	classes = {
	};
	objectVersion = 46;
	objects = {

/* Begin PBXBuildFile section */
		5E1C45651BA2C36C002CF0DC /* SocialNetworksSignInManager.swift in Sources */ = {isa = PBXBuildFile; fileRef = 5E1C45641BA2C36C002CF0DC /* SocialNetworksSignInManager.swift */; };
		5E1C45671BA2C758002CF0DC /* GPSampleDelegate.swift in Sources */ = {isa = PBXBuildFile; fileRef = 5E1C45661BA2C758002CF0DC /* GPSampleDelegate.swift */; };
		5E72B0121B9F419D0010F54B /* AppDelegate.swift in Sources */ = {isa = PBXBuildFile; fileRef = 5E72B0111B9F419D0010F54B /* AppDelegate.swift */; };
		5E72B02F1B9F42600010F54B /* Global.swift in Sources */ = {isa = PBXBuildFile; fileRef = 5E72B0181B9F42600010F54B /* Global.swift */; };
		5E72B0301B9F42600010F54B /* CustomURLManager.swift in Sources */ = {isa = PBXBuildFile; fileRef = 5E72B01A1B9F42600010F54B /* CustomURLManager.swift */; };
		5E72B0311B9F42600010F54B /* ParamGenerator.swift in Sources */ = {isa = PBXBuildFile; fileRef = 5E72B01B1B9F42600010F54B /* ParamGenerator.swift */; };
		5E72B0321B9F42600010F54B /* RequestManager.swift in Sources */ = {isa = PBXBuildFile; fileRef = 5E72B01C1B9F42600010F54B /* RequestManager.swift */; };
		5E72B0331B9F42600010F54B /* ResponceManager.swift in Sources */ = {isa = PBXBuildFile; fileRef = 5E72B01D1B9F42600010F54B /* ResponceManager.swift */; };
		5E72B0341B9F42600010F54B /* Images.xcassets in Resources */ = {isa = PBXBuildFile; fileRef = 5E72B01E1B9F42600010F54B /* Images.xcassets */; };
		5E72B0351B9F42600010F54B /* User+Info.swift in Sources */ = {isa = PBXBuildFile; fileRef = 5E72B0211B9F42600010F54B /* User+Info.swift */; };
		5E72B0361B9F42600010F54B /* User.swift in Sources */ = {isa = PBXBuildFile; fileRef = 5E72B0221B9F42600010F54B /* User.swift */; };
		5E72B0371B9F42600010F54B /* Localizable.strings in Resources */ = {isa = PBXBuildFile; fileRef = 5E72B0251B9F42600010F54B /* Localizable.strings */; };
		5E72B0381B9F42600010F54B /* LaunchScreen.xib in Resources */ = {isa = PBXBuildFile; fileRef = 5E72B0291B9F42600010F54B /* LaunchScreen.xib */; };
		5E72B0391B9F42600010F54B /* Main.storyboard in Resources */ = {isa = PBXBuildFile; fileRef = 5E72B02B1B9F42600010F54B /* Main.storyboard */; };
		5E72B03B1B9F42A30010F54B /* LoginViewController.swift in Sources */ = {isa = PBXBuildFile; fileRef = 5E72B03A1B9F42A30010F54B /* LoginViewController.swift */; };
		5E8BEBED1BA02C2000F0AF1D /* FBSDKCoreKit.framework in Frameworks */ = {isa = PBXBuildFile; fileRef = 5E8BEBEC1BA02C2000F0AF1D /* FBSDKCoreKit.framework */; };
		5E8BEBF11BA0477F00F0AF1D /* FacebookSDK.framework in Frameworks */ = {isa = PBXBuildFile; fileRef = 5E8BEBF01BA0477F00F0AF1D /* FacebookSDK.framework */; };
		5E8BEBF31BA0479600F0AF1D /* Bolts.framework in Frameworks */ = {isa = PBXBuildFile; fileRef = 5E8BEBF21BA0479600F0AF1D /* Bolts.framework */; };
		5E8BEBF51BA051A900F0AF1D /* FBSDKLoginKit.framework in Frameworks */ = {isa = PBXBuildFile; fileRef = 5E8BEBF41BA051A900F0AF1D /* FBSDKLoginKit.framework */; };
		5E8BEBF91BA0907200F0AF1D /* GoogleOpenSource.framework in Frameworks */ = {isa = PBXBuildFile; fileRef = 5E8BEBF61BA0907200F0AF1D /* GoogleOpenSource.framework */; };
		5E8BEBFA1BA0907200F0AF1D /* GooglePlus.bundle in Resources */ = {isa = PBXBuildFile; fileRef = 5E8BEBF71BA0907200F0AF1D /* GooglePlus.bundle */; };
		5E8BEBFB1BA0907200F0AF1D /* GooglePlus.framework in Frameworks */ = {isa = PBXBuildFile; fileRef = 5E8BEBF81BA0907200F0AF1D /* GooglePlus.framework */; };
		5E8BEBFF1BA1AD7D00F0AF1D /* AddressBook.framework in Frameworks */ = {isa = PBXBuildFile; fileRef = 5E8BEBFE1BA1AD7D00F0AF1D /* AddressBook.framework */; };
		5E8BEC011BA1AD8C00F0AF1D /* MediaPlayer.framework in Frameworks */ = {isa = PBXBuildFile; fileRef = 5E8BEC001BA1AD8C00F0AF1D /* MediaPlayer.framework */; };
		5E8BEC031BA1AD9500F0AF1D /* AssetsLibrary.framework in Frameworks */ = {isa = PBXBuildFile; fileRef = 5E8BEC021BA1AD9500F0AF1D /* AssetsLibrary.framework */; };
		5E8BEC051BA1ADA000F0AF1D /* CoreMotion.framework in Frameworks */ = {isa = PBXBuildFile; fileRef = 5E8BEC041BA1ADA000F0AF1D /* CoreMotion.framework */; };
		5E8BEC071BA1ADC300F0AF1D /* CoreLocation.framework in Frameworks */ = {isa = PBXBuildFile; fileRef = 5E8BEC061BA1ADC300F0AF1D /* CoreLocation.framework */; };
		5EA55C7C1B9F3FDB00D26A42 /* SocialNetworksIntegrationSampleTests.swift in Sources */ = {isa = PBXBuildFile; fileRef = 5EA55C7B1B9F3FDB00D26A42 /* SocialNetworksIntegrationSampleTests.swift */; };
/* End PBXBuildFile section */

/* Begin PBXContainerItemProxy section */
		5EA55C761B9F3FDB00D26A42 /* PBXContainerItemProxy */ = {
			isa = PBXContainerItemProxy;
			containerPortal = 5EA55C581B9F3FDB00D26A42 /* Project object */;
			proxyType = 1;
			remoteGlobalIDString = 5EA55C5F1B9F3FDB00D26A42;
			remoteInfo = SocialNetworksIntegrationSample;
		};
/* End PBXContainerItemProxy section */

/* Begin PBXFileReference section */
		5E1C45641BA2C36C002CF0DC /* SocialNetworksSignInManager.swift */ = {isa = PBXFileReference; fileEncoding = 4; lastKnownFileType = sourcecode.swift; path = SocialNetworksSignInManager.swift; sourceTree = "<group>"; };
		5E1C45661BA2C758002CF0DC /* GPSampleDelegate.swift */ = {isa = PBXFileReference; fileEncoding = 4; lastKnownFileType = sourcecode.swift; path = GPSampleDelegate.swift; sourceTree = "<group>"; };
		5E72B0111B9F419D0010F54B /* AppDelegate.swift */ = {isa = PBXFileReference; fileEncoding = 4; lastKnownFileType = sourcecode.swift; path = AppDelegate.swift; sourceTree = "<group>"; };
		5E72B0181B9F42600010F54B /* Global.swift */ = {isa = PBXFileReference; fileEncoding = 4; lastKnownFileType = sourcecode.swift; path = Global.swift; sourceTree = "<group>"; };
		5E72B01A1B9F42600010F54B /* CustomURLManager.swift */ = {isa = PBXFileReference; fileEncoding = 4; lastKnownFileType = sourcecode.swift; path = CustomURLManager.swift; sourceTree = "<group>"; };
		5E72B01B1B9F42600010F54B /* ParamGenerator.swift */ = {isa = PBXFileReference; fileEncoding = 4; lastKnownFileType = sourcecode.swift; path = ParamGenerator.swift; sourceTree = "<group>"; };
		5E72B01C1B9F42600010F54B /* RequestManager.swift */ = {isa = PBXFileReference; fileEncoding = 4; lastKnownFileType = sourcecode.swift; path = RequestManager.swift; sourceTree = "<group>"; };
		5E72B01D1B9F42600010F54B /* ResponceManager.swift */ = {isa = PBXFileReference; fileEncoding = 4; lastKnownFileType = sourcecode.swift; path = ResponceManager.swift; sourceTree = "<group>"; };
		5E72B01E1B9F42600010F54B /* Images.xcassets */ = {isa = PBXFileReference; lastKnownFileType = folder.assetcatalog; path = Images.xcassets; sourceTree = "<group>"; };
		5E72B0211B9F42600010F54B /* User+Info.swift */ = {isa = PBXFileReference; fileEncoding = 4; lastKnownFileType = sourcecode.swift; path = "User+Info.swift"; sourceTree = "<group>"; };
		5E72B0221B9F42600010F54B /* User.swift */ = {isa = PBXFileReference; fileEncoding = 4; lastKnownFileType = sourcecode.swift; path = User.swift; sourceTree = "<group>"; };
		5E72B0251B9F42600010F54B /* Localizable.strings */ = {isa = PBXFileReference; fileEncoding = 4; lastKnownFileType = text.plist.strings; path = Localizable.strings; sourceTree = "<group>"; };
		5E72B0291B9F42600010F54B /* LaunchScreen.xib */ = {isa = PBXFileReference; fileEncoding = 4; lastKnownFileType = file.xib; path = LaunchScreen.xib; sourceTree = "<group>"; };
		5E72B02C1B9F42600010F54B /* Base */ = {isa = PBXFileReference; lastKnownFileType = file.storyboard; name = Base; path = Base.lproj/Main.storyboard; sourceTree = "<group>"; };
		5E72B03A1B9F42A30010F54B /* LoginViewController.swift */ = {isa = PBXFileReference; explicitFileType = sourcecode.swift; fileEncoding = 4; path = LoginViewController.swift; sourceTree = "<group>"; };
		5E8BEBEC1BA02C2000F0AF1D /* FBSDKCoreKit.framework */ = {isa = PBXFileReference; lastKnownFileType = wrapper.framework; path = FBSDKCoreKit.framework; sourceTree = "<group>"; };
		5E8BEBEF1BA0447400F0AF1D /* SocialNetworksIntegrationSample-Bridging-Header.h */ = {isa = PBXFileReference; fileEncoding = 4; lastKnownFileType = sourcecode.c.h; path = "SocialNetworksIntegrationSample-Bridging-Header.h"; sourceTree = "<group>"; };
		5E8BEBF01BA0477F00F0AF1D /* FacebookSDK.framework */ = {isa = PBXFileReference; lastKnownFileType = wrapper.framework; path = FacebookSDK.framework; sourceTree = "<group>"; };
		5E8BEBF21BA0479600F0AF1D /* Bolts.framework */ = {isa = PBXFileReference; lastKnownFileType = wrapper.framework; path = Bolts.framework; sourceTree = "<group>"; };
		5E8BEBF41BA051A900F0AF1D /* FBSDKLoginKit.framework */ = {isa = PBXFileReference; lastKnownFileType = wrapper.framework; path = FBSDKLoginKit.framework; sourceTree = "<group>"; };
		5E8BEBF61BA0907200F0AF1D /* GoogleOpenSource.framework */ = {isa = PBXFileReference; lastKnownFileType = wrapper.framework; path = GoogleOpenSource.framework; sourceTree = "<group>"; };
		5E8BEBF71BA0907200F0AF1D /* GooglePlus.bundle */ = {isa = PBXFileReference; lastKnownFileType = "wrapper.plug-in"; path = GooglePlus.bundle; sourceTree = "<group>"; };
		5E8BEBF81BA0907200F0AF1D /* GooglePlus.framework */ = {isa = PBXFileReference; lastKnownFileType = wrapper.framework; path = GooglePlus.framework; sourceTree = "<group>"; };
		5E8BEBFE1BA1AD7D00F0AF1D /* AddressBook.framework */ = {isa = PBXFileReference; lastKnownFileType = wrapper.framework; name = AddressBook.framework; path = System/Library/Frameworks/AddressBook.framework; sourceTree = SDKROOT; };
		5E8BEC001BA1AD8C00F0AF1D /* MediaPlayer.framework */ = {isa = PBXFileReference; lastKnownFileType = wrapper.framework; name = MediaPlayer.framework; path = System/Library/Frameworks/MediaPlayer.framework; sourceTree = SDKROOT; };
		5E8BEC021BA1AD9500F0AF1D /* AssetsLibrary.framework */ = {isa = PBXFileReference; lastKnownFileType = wrapper.framework; name = AssetsLibrary.framework; path = System/Library/Frameworks/AssetsLibrary.framework; sourceTree = SDKROOT; };
		5E8BEC041BA1ADA000F0AF1D /* CoreMotion.framework */ = {isa = PBXFileReference; lastKnownFileType = wrapper.framework; name = CoreMotion.framework; path = System/Library/Frameworks/CoreMotion.framework; sourceTree = SDKROOT; };
		5E8BEC061BA1ADC300F0AF1D /* CoreLocation.framework */ = {isa = PBXFileReference; lastKnownFileType = wrapper.framework; name = CoreLocation.framework; path = System/Library/Frameworks/CoreLocation.framework; sourceTree = SDKROOT; };
		5EA55C601B9F3FDB00D26A42 /* SocialNetworksIntegrationSample.app */ = {isa = PBXFileReference; explicitFileType = wrapper.application; includeInIndex = 0; path = SocialNetworksIntegrationSample.app; sourceTree = BUILT_PRODUCTS_DIR; };
		5EA55C641B9F3FDB00D26A42 /* Info.plist */ = {isa = PBXFileReference; lastKnownFileType = text.plist.xml; path = Info.plist; sourceTree = "<group>"; };
		5EA55C751B9F3FDB00D26A42 /* SocialNetworksIntegrationSampleTests.xctest */ = {isa = PBXFileReference; explicitFileType = wrapper.cfbundle; includeInIndex = 0; path = SocialNetworksIntegrationSampleTests.xctest; sourceTree = BUILT_PRODUCTS_DIR; };
		5EA55C7A1B9F3FDB00D26A42 /* Info.plist */ = {isa = PBXFileReference; lastKnownFileType = text.plist.xml; path = Info.plist; sourceTree = "<group>"; };
		5EA55C7B1B9F3FDB00D26A42 /* SocialNetworksIntegrationSampleTests.swift */ = {isa = PBXFileReference; lastKnownFileType = sourcecode.swift; path = SocialNetworksIntegrationSampleTests.swift; sourceTree = "<group>"; };
/* End PBXFileReference section */

/* Begin PBXFrameworksBuildPhase section */
		5EA55C5D1B9F3FDB00D26A42 /* Frameworks */ = {
			isa = PBXFrameworksBuildPhase;
			buildActionMask = 2147483647;
			files = (
				5E8BEC071BA1ADC300F0AF1D /* CoreLocation.framework in Frameworks */,
				5E8BEC051BA1ADA000F0AF1D /* CoreMotion.framework in Frameworks */,
				5E8BEC031BA1AD9500F0AF1D /* AssetsLibrary.framework in Frameworks */,
				5E8BEC011BA1AD8C00F0AF1D /* MediaPlayer.framework in Frameworks */,
				5E8BEBFF1BA1AD7D00F0AF1D /* AddressBook.framework in Frameworks */,
				5E8BEBF91BA0907200F0AF1D /* GoogleOpenSource.framework in Frameworks */,
				5E8BEBFB1BA0907200F0AF1D /* GooglePlus.framework in Frameworks */,
				5E8BEBF31BA0479600F0AF1D /* Bolts.framework in Frameworks */,
				5E8BEBED1BA02C2000F0AF1D /* FBSDKCoreKit.framework in Frameworks */,
				5E8BEBF51BA051A900F0AF1D /* FBSDKLoginKit.framework in Frameworks */,
				5E8BEBF11BA0477F00F0AF1D /* FacebookSDK.framework in Frameworks */,
			);
			runOnlyForDeploymentPostprocessing = 0;
		};
		5EA55C721B9F3FDB00D26A42 /* Frameworks */ = {
			isa = PBXFrameworksBuildPhase;
			buildActionMask = 2147483647;
			files = (
			);
			runOnlyForDeploymentPostprocessing = 0;
		};
/* End PBXFrameworksBuildPhase section */

/* Begin PBXGroup section */
		5E1C45631BA2C349002CF0DC /* SocialNetworks */ = {
			isa = PBXGroup;
			children = (
				5E1C45641BA2C36C002CF0DC /* SocialNetworksSignInManager.swift */,
				5E1C45661BA2C758002CF0DC /* GPSampleDelegate.swift */,
			);
			path = SocialNetworks;
			sourceTree = "<group>";
		};
		5E72B0101B9F419D0010F54B /* Application */ = {
			isa = PBXGroup;
			children = (
				5E8BEBEF1BA0447400F0AF1D /* SocialNetworksIntegrationSample-Bridging-Header.h */,
				5E72B0111B9F419D0010F54B /* AppDelegate.swift */,
			);
			path = Application;
			sourceTree = "<group>";
		};
		5E72B0131B9F42600010F54B /* Controllers */ = {
			isa = PBXGroup;
			children = (
				5E72B03A1B9F42A30010F54B /* LoginViewController.swift */,
			);
			path = Controllers;
			sourceTree = "<group>";
		};
		5E72B0171B9F42600010F54B /* Core */ = {
			isa = PBXGroup;
			children = (
				5E1C45631BA2C349002CF0DC /* SocialNetworks */,
				5E72B0181B9F42600010F54B /* Global.swift */,
				5E72B0191B9F42600010F54B /* Network */,
			);
			path = Core;
			sourceTree = "<group>";
		};
		5E72B0191B9F42600010F54B /* Network */ = {
			isa = PBXGroup;
			children = (
				5E72B01A1B9F42600010F54B /* CustomURLManager.swift */,
				5E72B01B1B9F42600010F54B /* ParamGenerator.swift */,
				5E72B01C1B9F42600010F54B /* RequestManager.swift */,
				5E72B01D1B9F42600010F54B /* ResponceManager.swift */,
			);
			path = Network;
			sourceTree = "<group>";
		};
		5E72B01F1B9F42600010F54B /* Models */ = {
			isa = PBXGroup;
			children = (
				5E72B0201B9F42600010F54B /* User */,
			);
			path = Models;
			sourceTree = "<group>";
		};
		5E72B0201B9F42600010F54B /* User */ = {
			isa = PBXGroup;
			children = (
				5E72B0211B9F42600010F54B /* User+Info.swift */,
				5E72B0221B9F42600010F54B /* User.swift */,
			);
			path = User;
			sourceTree = "<group>";
		};
		5E72B0231B9F42600010F54B /* Resources */ = {
			isa = PBXGroup;
			children = (
				5E72B0241B9F42600010F54B /* Localizable */,
			);
			path = Resources;
			sourceTree = "<group>";
		};
		5E72B0241B9F42600010F54B /* Localizable */ = {
			isa = PBXGroup;
			children = (
				5E72B0251B9F42600010F54B /* Localizable.strings */,
			);
			path = Localizable;
			sourceTree = "<group>";
		};
		5E72B0261B9F42600010F54B /* UI */ = {
			isa = PBXGroup;
			children = (
				5E72B0271B9F42600010F54B /* CustomViews */,
				5E72B02A1B9F42600010F54B /* Storyboards */,
			);
			path = UI;
			sourceTree = "<group>";
		};
		5E72B0271B9F42600010F54B /* CustomViews */ = {
			isa = PBXGroup;
			children = (
				5E72B0281B9F42600010F54B /* LaunchScreen */,
			);
			path = CustomViews;
			sourceTree = "<group>";
		};
		5E72B0281B9F42600010F54B /* LaunchScreen */ = {
			isa = PBXGroup;
			children = (
				5E72B0291B9F42600010F54B /* LaunchScreen.xib */,
			);
			path = LaunchScreen;
			sourceTree = "<group>";
		};
		5E72B02A1B9F42600010F54B /* Storyboards */ = {
			isa = PBXGroup;
			children = (
				5E72B02B1B9F42600010F54B /* Main.storyboard */,
			);
			path = Storyboards;
			sourceTree = "<group>";
		};
		5E8BEBEB1BA02BF700F0AF1D /* Frameworks */ = {
			isa = PBXGroup;
			children = (
				5E8BEBF61BA0907200F0AF1D /* GoogleOpenSource.framework */,
				5E8BEBF71BA0907200F0AF1D /* GooglePlus.bundle */,
				5E8BEBF81BA0907200F0AF1D /* GooglePlus.framework */,
				5E8BEBF41BA051A900F0AF1D /* FBSDKLoginKit.framework */,
				5E8BEBF21BA0479600F0AF1D /* Bolts.framework */,
				5E8BEBF01BA0477F00F0AF1D /* FacebookSDK.framework */,
				5E8BEBEC1BA02C2000F0AF1D /* FBSDKCoreKit.framework */,
			);
			path = Frameworks;
			sourceTree = "<group>";
		};
		5EA55C571B9F3FDB00D26A42 = {
			isa = PBXGroup;
			children = (
				5E8BEC061BA1ADC300F0AF1D /* CoreLocation.framework */,
				5E8BEC041BA1ADA000F0AF1D /* CoreMotion.framework */,
				5E8BEC021BA1AD9500F0AF1D /* AssetsLibrary.framework */,
				5E8BEC001BA1AD8C00F0AF1D /* MediaPlayer.framework */,
				5E8BEBFE1BA1AD7D00F0AF1D /* AddressBook.framework */,
				5EA55C621B9F3FDB00D26A42 /* SocialNetworksIntegrationSample */,
				5EA55C781B9F3FDB00D26A42 /* SocialNetworksIntegrationSampleTests */,
				5EA55C611B9F3FDB00D26A42 /* Products */,
			);
			sourceTree = "<group>";
		};
		5EA55C611B9F3FDB00D26A42 /* Products */ = {
			isa = PBXGroup;
			children = (
				5EA55C601B9F3FDB00D26A42 /* SocialNetworksIntegrationSample.app */,
				5EA55C751B9F3FDB00D26A42 /* SocialNetworksIntegrationSampleTests.xctest */,
			);
			name = Products;
			sourceTree = "<group>";
		};
		5EA55C621B9F3FDB00D26A42 /* SocialNetworksIntegrationSample */ = {
			isa = PBXGroup;
			children = (
				5E8BEBEB1BA02BF700F0AF1D /* Frameworks */,
				5E72B0131B9F42600010F54B /* Controllers */,
				5E72B0171B9F42600010F54B /* Core */,
				5E72B01E1B9F42600010F54B /* Images.xcassets */,
				5E72B01F1B9F42600010F54B /* Models */,
				5E72B0231B9F42600010F54B /* Resources */,
				5E72B0261B9F42600010F54B /* UI */,
				5E72B0101B9F419D0010F54B /* Application */,
				5EA55C631B9F3FDB00D26A42 /* Supporting Files */,
			);
			path = SocialNetworksIntegrationSample;
			sourceTree = "<group>";
		};
		5EA55C631B9F3FDB00D26A42 /* Supporting Files */ = {
			isa = PBXGroup;
			children = (
				5EA55C641B9F3FDB00D26A42 /* Info.plist */,
			);
			name = "Supporting Files";
			sourceTree = "<group>";
		};
		5EA55C781B9F3FDB00D26A42 /* SocialNetworksIntegrationSampleTests */ = {
			isa = PBXGroup;
			children = (
				5EA55C7B1B9F3FDB00D26A42 /* SocialNetworksIntegrationSampleTests.swift */,
				5EA55C791B9F3FDB00D26A42 /* Supporting Files */,
			);
			path = SocialNetworksIntegrationSampleTests;
			sourceTree = "<group>";
		};
		5EA55C791B9F3FDB00D26A42 /* Supporting Files */ = {
			isa = PBXGroup;
			children = (
				5EA55C7A1B9F3FDB00D26A42 /* Info.plist */,
			);
			name = "Supporting Files";
			sourceTree = "<group>";
		};
/* End PBXGroup section */

/* Begin PBXNativeTarget section */
		5EA55C5F1B9F3FDB00D26A42 /* SocialNetworksIntegrationSample */ = {
			isa = PBXNativeTarget;
			buildConfigurationList = 5EA55C7F1B9F3FDB00D26A42 /* Build configuration list for PBXNativeTarget "SocialNetworksIntegrationSample" */;
			buildPhases = (
				5EA55C5C1B9F3FDB00D26A42 /* Sources */,
				5EA55C5D1B9F3FDB00D26A42 /* Frameworks */,
				5EA55C5E1B9F3FDB00D26A42 /* Resources */,
			);
			buildRules = (
			);
			dependencies = (
			);
			name = SocialNetworksIntegrationSample;
			productName = SocialNetworksIntegrationSample;
			productReference = 5EA55C601B9F3FDB00D26A42 /* SocialNetworksIntegrationSample.app */;
			productType = "com.apple.product-type.application";
		};
		5EA55C741B9F3FDB00D26A42 /* SocialNetworksIntegrationSampleTests */ = {
			isa = PBXNativeTarget;
			buildConfigurationList = 5EA55C821B9F3FDB00D26A42 /* Build configuration list for PBXNativeTarget "SocialNetworksIntegrationSampleTests" */;
			buildPhases = (
				5EA55C711B9F3FDB00D26A42 /* Sources */,
				5EA55C721B9F3FDB00D26A42 /* Frameworks */,
				5EA55C731B9F3FDB00D26A42 /* Resources */,
			);
			buildRules = (
			);
			dependencies = (
				5EA55C771B9F3FDB00D26A42 /* PBXTargetDependency */,
			);
			name = SocialNetworksIntegrationSampleTests;
			productName = SocialNetworksIntegrationSampleTests;
			productReference = 5EA55C751B9F3FDB00D26A42 /* SocialNetworksIntegrationSampleTests.xctest */;
			productType = "com.apple.product-type.bundle.unit-test";
		};
/* End PBXNativeTarget section */

/* Begin PBXProject section */
		5EA55C581B9F3FDB00D26A42 /* Project object */ = {
			isa = PBXProject;
			attributes = {
				LastUpgradeCheck = 0630;
				ORGANIZATIONNAME = "Mykhailo Tys";
				TargetAttributes = {
					5EA55C5F1B9F3FDB00D26A42 = {
						CreatedOnToolsVersion = 6.3.1;
					};
					5EA55C741B9F3FDB00D26A42 = {
						CreatedOnToolsVersion = 6.3.1;
						TestTargetID = 5EA55C5F1B9F3FDB00D26A42;
					};
				};
			};
			buildConfigurationList = 5EA55C5B1B9F3FDB00D26A42 /* Build configuration list for PBXProject "SocialNetworksIntegrationSample" */;
			compatibilityVersion = "Xcode 3.2";
			developmentRegion = English;
			hasScannedForEncodings = 0;
			knownRegions = (
				en,
				Base,
			);
			mainGroup = 5EA55C571B9F3FDB00D26A42;
			productRefGroup = 5EA55C611B9F3FDB00D26A42 /* Products */;
			projectDirPath = "";
			projectRoot = "";
			targets = (
				5EA55C5F1B9F3FDB00D26A42 /* SocialNetworksIntegrationSample */,
				5EA55C741B9F3FDB00D26A42 /* SocialNetworksIntegrationSampleTests */,
			);
		};
/* End PBXProject section */

/* Begin PBXResourcesBuildPhase section */
		5EA55C5E1B9F3FDB00D26A42 /* Resources */ = {
			isa = PBXResourcesBuildPhase;
			buildActionMask = 2147483647;
			files = (
				5E72B0391B9F42600010F54B /* Main.storyboard in Resources */,
				5E8BEBFA1BA0907200F0AF1D /* GooglePlus.bundle in Resources */,
				5E72B0371B9F42600010F54B /* Localizable.strings in Resources */,
				5E72B0341B9F42600010F54B /* Images.xcassets in Resources */,
				5E72B0381B9F42600010F54B /* LaunchScreen.xib in Resources */,
			);
			runOnlyForDeploymentPostprocessing = 0;
		};
		5EA55C731B9F3FDB00D26A42 /* Resources */ = {
			isa = PBXResourcesBuildPhase;
			buildActionMask = 2147483647;
			files = (
			);
			runOnlyForDeploymentPostprocessing = 0;
		};
/* End PBXResourcesBuildPhase section */

/* Begin PBXSourcesBuildPhase section */
		5EA55C5C1B9F3FDB00D26A42 /* Sources */ = {
			isa = PBXSourcesBuildPhase;
			buildActionMask = 2147483647;
			files = (
				5E72B0121B9F419D0010F54B /* AppDelegate.swift in Sources */,
				5E1C45651BA2C36C002CF0DC /* SocialNetworksSignInManager.swift in Sources */,
				5E72B0321B9F42600010F54B /* RequestManager.swift in Sources */,
				5E72B02F1B9F42600010F54B /* Global.swift in Sources */,
				5E1C45671BA2C758002CF0DC /* GPSampleDelegate.swift in Sources */,
				5E72B0301B9F42600010F54B /* CustomURLManager.swift in Sources */,
				5E72B03B1B9F42A30010F54B /* LoginViewController.swift in Sources */,
				5E72B0351B9F42600010F54B /* User+Info.swift in Sources */,
				5E72B0311B9F42600010F54B /* ParamGenerator.swift in Sources */,
				5E72B0331B9F42600010F54B /* ResponceManager.swift in Sources */,
				5E72B0361B9F42600010F54B /* User.swift in Sources */,
			);
			runOnlyForDeploymentPostprocessing = 0;
		};
		5EA55C711B9F3FDB00D26A42 /* Sources */ = {
			isa = PBXSourcesBuildPhase;
			buildActionMask = 2147483647;
			files = (
				5EA55C7C1B9F3FDB00D26A42 /* SocialNetworksIntegrationSampleTests.swift in Sources */,
			);
			runOnlyForDeploymentPostprocessing = 0;
		};
/* End PBXSourcesBuildPhase section */

/* Begin PBXTargetDependency section */
		5EA55C771B9F3FDB00D26A42 /* PBXTargetDependency */ = {
			isa = PBXTargetDependency;
			target = 5EA55C5F1B9F3FDB00D26A42 /* SocialNetworksIntegrationSample */;
			targetProxy = 5EA55C761B9F3FDB00D26A42 /* PBXContainerItemProxy */;
		};
/* End PBXTargetDependency section */

/* Begin PBXVariantGroup section */
		5E72B02B1B9F42600010F54B /* Main.storyboard */ = {
			isa = PBXVariantGroup;
			children = (
				5E72B02C1B9F42600010F54B /* Base */,
			);
			name = Main.storyboard;
			sourceTree = "<group>";
		};
/* End PBXVariantGroup section */

/* Begin XCBuildConfiguration section */
		5EA55C7D1B9F3FDB00D26A42 /* Debug */ = {
			isa = XCBuildConfiguration;
			buildSettings = {
				ALWAYS_SEARCH_USER_PATHS = NO;
				CLANG_CXX_LANGUAGE_STANDARD = "gnu++0x";
				CLANG_CXX_LIBRARY = "libc++";
				CLANG_ENABLE_MODULES = YES;
				CLANG_ENABLE_OBJC_ARC = YES;
				CLANG_WARN_BOOL_CONVERSION = YES;
				CLANG_WARN_CONSTANT_CONVERSION = YES;
				CLANG_WARN_DIRECT_OBJC_ISA_USAGE = YES_ERROR;
				CLANG_WARN_EMPTY_BODY = YES;
				CLANG_WARN_ENUM_CONVERSION = YES;
				CLANG_WARN_INT_CONVERSION = YES;
				CLANG_WARN_OBJC_ROOT_CLASS = YES_ERROR;
				CLANG_WARN_UNREACHABLE_CODE = YES;
				CLANG_WARN__DUPLICATE_METHOD_MATCH = YES;
				"CODE_SIGN_IDENTITY[sdk=iphoneos*]" = "iPhone Developer";
				COPY_PHASE_STRIP = NO;
				DEBUG_INFORMATION_FORMAT = "dwarf-with-dsym";
				ENABLE_STRICT_OBJC_MSGSEND = YES;
				GCC_C_LANGUAGE_STANDARD = gnu99;
				GCC_DYNAMIC_NO_PIC = NO;
				GCC_NO_COMMON_BLOCKS = YES;
				GCC_OPTIMIZATION_LEVEL = 0;
				GCC_PREPROCESSOR_DEFINITIONS = (
					"DEBUG=1",
					"$(inherited)",
				);
				GCC_SYMBOLS_PRIVATE_EXTERN = NO;
				GCC_WARN_64_TO_32_BIT_CONVERSION = YES;
				GCC_WARN_ABOUT_RETURN_TYPE = YES_ERROR;
				GCC_WARN_UNDECLARED_SELECTOR = YES;
				GCC_WARN_UNINITIALIZED_AUTOS = YES_AGGRESSIVE;
				GCC_WARN_UNUSED_FUNCTION = YES;
				GCC_WARN_UNUSED_VARIABLE = YES;
				IPHONEOS_DEPLOYMENT_TARGET = 8.3;
				MTL_ENABLE_DEBUG_INFO = YES;
				ONLY_ACTIVE_ARCH = YES;
				SDKROOT = iphoneos;
				SWIFT_OPTIMIZATION_LEVEL = "-Onone";
				TARGETED_DEVICE_FAMILY = "1,2";
			};
			name = Debug;
		};
		5EA55C7E1B9F3FDB00D26A42 /* Release */ = {
			isa = XCBuildConfiguration;
			buildSettings = {
				ALWAYS_SEARCH_USER_PATHS = NO;
				CLANG_CXX_LANGUAGE_STANDARD = "gnu++0x";
				CLANG_CXX_LIBRARY = "libc++";
				CLANG_ENABLE_MODULES = YES;
				CLANG_ENABLE_OBJC_ARC = YES;
				CLANG_WARN_BOOL_CONVERSION = YES;
				CLANG_WARN_CONSTANT_CONVERSION = YES;
				CLANG_WARN_DIRECT_OBJC_ISA_USAGE = YES_ERROR;
				CLANG_WARN_EMPTY_BODY = YES;
				CLANG_WARN_ENUM_CONVERSION = YES;
				CLANG_WARN_INT_CONVERSION = YES;
				CLANG_WARN_OBJC_ROOT_CLASS = YES_ERROR;
				CLANG_WARN_UNREACHABLE_CODE = YES;
				CLANG_WARN__DUPLICATE_METHOD_MATCH = YES;
				"CODE_SIGN_IDENTITY[sdk=iphoneos*]" = "iPhone Developer";
				COPY_PHASE_STRIP = NO;
				DEBUG_INFORMATION_FORMAT = "dwarf-with-dsym";
				ENABLE_NS_ASSERTIONS = NO;
				ENABLE_STRICT_OBJC_MSGSEND = YES;
				GCC_C_LANGUAGE_STANDARD = gnu99;
				GCC_NO_COMMON_BLOCKS = YES;
				GCC_WARN_64_TO_32_BIT_CONVERSION = YES;
				GCC_WARN_ABOUT_RETURN_TYPE = YES_ERROR;
				GCC_WARN_UNDECLARED_SELECTOR = YES;
				GCC_WARN_UNINITIALIZED_AUTOS = YES_AGGRESSIVE;
				GCC_WARN_UNUSED_FUNCTION = YES;
				GCC_WARN_UNUSED_VARIABLE = YES;
				IPHONEOS_DEPLOYMENT_TARGET = 8.3;
				MTL_ENABLE_DEBUG_INFO = NO;
				SDKROOT = iphoneos;
				TARGETED_DEVICE_FAMILY = "1,2";
				VALIDATE_PRODUCT = YES;
			};
			name = Release;
		};
		5EA55C801B9F3FDB00D26A42 /* Debug */ = {
			isa = XCBuildConfiguration;
			buildSettings = {
				ASSETCATALOG_COMPILER_APPICON_NAME = AppIcon;
				FRAMEWORK_SEARCH_PATHS = (
					"$(inherited)",
					"$(PROJECT_DIR)/SocialNetworksIntegrationSample/Frameworks",
				);
				INFOPLIST_FILE = SocialNetworksIntegrationSample/Info.plist;
				LD_RUNPATH_SEARCH_PATHS = "$(inherited) @executable_path/Frameworks";
				OTHER_LDFLAGS = "-ObjC";
				PRODUCT_NAME = "$(TARGET_NAME)";
				SWIFT_OBJC_BRIDGING_HEADER = "SocialNetworksIntegrationSample/Application/SocialNetworksIntegrationSample-Bridging-Header.h";
			};
			name = Debug;
		};
		5EA55C811B9F3FDB00D26A42 /* Release */ = {
			isa = XCBuildConfiguration;
			buildSettings = {
				ASSETCATALOG_COMPILER_APPICON_NAME = AppIcon;
				FRAMEWORK_SEARCH_PATHS = (
					"$(inherited)",
					"$(PROJECT_DIR)/SocialNetworksIntegrationSample/Frameworks",
				);
				INFOPLIST_FILE = SocialNetworksIntegrationSample/Info.plist;
				LD_RUNPATH_SEARCH_PATHS = "$(inherited) @executable_path/Frameworks";
				OTHER_LDFLAGS = "-ObjC";
				PRODUCT_NAME = "$(TARGET_NAME)";
				SWIFT_OBJC_BRIDGING_HEADER = "SocialNetworksIntegrationSample/Application/SocialNetworksIntegrationSample-Bridging-Header.h";
			};
			name = Release;
		};
		5EA55C831B9F3FDB00D26A42 /* Debug */ = {
			isa = XCBuildConfiguration;
			buildSettings = {
				BUNDLE_LOADER = "$(TEST_HOST)";
				FRAMEWORK_SEARCH_PATHS = (
					"$(SDKROOT)/Developer/Library/Frameworks",
					"$(inherited)",
				);
				GCC_PREPROCESSOR_DEFINITIONS = (
					"DEBUG=1",
					"$(inherited)",
				);
				INFOPLIST_FILE = SocialNetworksIntegrationSampleTests/Info.plist;
				LD_RUNPATH_SEARCH_PATHS = "$(inherited) @executable_path/Frameworks @loader_path/Frameworks";
				PRODUCT_NAME = "$(TARGET_NAME)";
				TEST_HOST = "$(BUILT_PRODUCTS_DIR)/SocialNetworksIntegrationSample.app/SocialNetworksIntegrationSample";
			};
			name = Debug;
		};
		5EA55C841B9F3FDB00D26A42 /* Release */ = {
			isa = XCBuildConfiguration;
			buildSettings = {
				BUNDLE_LOADER = "$(TEST_HOST)";
				FRAMEWORK_SEARCH_PATHS = (
					"$(SDKROOT)/Developer/Library/Frameworks",
					"$(inherited)",
				);
				INFOPLIST_FILE = SocialNetworksIntegrationSampleTests/Info.plist;
				LD_RUNPATH_SEARCH_PATHS = "$(inherited) @executable_path/Frameworks @loader_path/Frameworks";
				PRODUCT_NAME = "$(TARGET_NAME)";
				TEST_HOST = "$(BUILT_PRODUCTS_DIR)/SocialNetworksIntegrationSample.app/SocialNetworksIntegrationSample";
			};
			name = Release;
		};
/* End XCBuildConfiguration section */

/* Begin XCConfigurationList section */
		5EA55C5B1B9F3FDB00D26A42 /* Build configuration list for PBXProject "SocialNetworksIntegrationSample" */ = {
			isa = XCConfigurationList;
			buildConfigurations = (
				5EA55C7D1B9F3FDB00D26A42 /* Debug */,
				5EA55C7E1B9F3FDB00D26A42 /* Release */,
			);
			defaultConfigurationIsVisible = 0;
			defaultConfigurationName = Release;
		};
		5EA55C7F1B9F3FDB00D26A42 /* Build configuration list for PBXNativeTarget "SocialNetworksIntegrationSample" */ = {
			isa = XCConfigurationList;
			buildConfigurations = (
				5EA55C801B9F3FDB00D26A42 /* Debug */,
				5EA55C811B9F3FDB00D26A42 /* Release */,
			);
			defaultConfigurationIsVisible = 0;
			defaultConfigurationName = Release;
		};
		5EA55C821B9F3FDB00D26A42 /* Build configuration list for PBXNativeTarget "SocialNetworksIntegrationSampleTests" */ = {
			isa = XCConfigurationList;
			buildConfigurations = (
				5EA55C831B9F3FDB00D26A42 /* Debug */,
				5EA55C841B9F3FDB00D26A42 /* Release */,
			);
			defaultConfigurationIsVisible = 0;
			defaultConfigurationName = Release;
		};
/* End XCConfigurationList section */
	};
	rootObject = 5EA55C581B9F3FDB00D26A42 /* Project object */;
}
